
Microsoft Visual Studio Solution File, Format Version 12.00
# Visual Studio Version 17
VisualStudioVersion = 17.0.32014.148
MinimumVisualStudioVersion = 10.0.40219.1
Project("{FAE04EC0-301F-11D3-BF4B-00C04F79EFBC}") = "CrystalSharpCqrsExample.Application", "CrystalSharpCqrsExample.Application\CrystalSharpCqrsExample.Application.csproj", "{1E9AE654-4EA9-44DA-8EA7-BCE396739F49}"
EndProject
Project("{FAE04EC0-301F-11D3-BF4B-00C04F79EFBC}") = "CrystalSharpCqrsExample.Api", "CrystalSharpCqrsExample.Api\CrystalSharpCqrsExample.Api.csproj", "{CD5DE4AB-991A-46A2-9E5D-54A428B62713}"
EndProject
Global
	GlobalSection(SolutionConfigurationPlatforms) = preSolution
		Debug|Any CPU = Debug|Any CPU
		Release|Any CPU = Release|Any CPU
	EndGlobalSection
	GlobalSection(ProjectConfigurationPlatforms) = postSolution
		{1E9AE654-4EA9-44DA-8EA7-BCE396739F49}.Debug|Any CPU.ActiveCfg = Debug|Any CPU
		{1E9AE654-4EA9-44DA-8EA7-BCE396739F49}.Debug|Any CPU.Build.0 = Debug|Any CPU
		{1E9AE654-4EA9-44DA-8EA7-BCE396739F49}.Release|Any CPU.ActiveCfg = Release|Any CPU
		{1E9AE654-4EA9-44DA-8EA7-BCE396739F49}.Release|Any CPU.Build.0 = Release|Any CPU
		{CD5DE4AB-991A-46A2-9E5D-54A428B62713}.Debug|Any CPU.ActiveCfg = Debug|Any CPU
		{CD5DE4AB-991A-46A2-9E5D-54A428B62713}.Debug|Any CPU.Build.0 = Debug|Any CPU
		{CD5DE4AB-991A-46A2-9E5D-54A428B62713}.Release|Any CPU.ActiveCfg = Release|Any CPU
		{CD5DE4AB-991A-46A2-9E5D-54A428B62713}.Release|Any CPU.Build.0 = Release|Any CPU
	EndGlobalSection
	GlobalSection(SolutionProperties) = preSolution
		HideSolutionNode = FALSE
	EndGlobalSection
	GlobalSection(ExtensibilityGlobals) = postSolution
		SolutionGuid = {2A738AB2-28E2-41DC-835D-169D52C6134C}
	EndGlobalSection
EndGlobal
